
Microsoft Visual Studio Solution File, Format Version 12.00
# Visual Studio Version 17
VisualStudioVersion = 17.6.33815.320
MinimumVisualStudioVersion = 10.0.40219.1
Project("{FAE04EC0-301F-11D3-BF4B-00C04F79EFBC}") = "WpfApp2", "WpfApp2\WpfApp2.csproj", "{076D725C-AA49-4992-ADD5-FC5B469D8FAC}"
EndProject
Project("{FAE04EC0-301F-11D3-BF4B-00C04F79EFBC}") = "UnitTestProject2", "UnitTestProject2\UnitTestProject2.csproj", "{2C40A842-AA93-497C-9F7E-3EB3C1324339}"
EndProject
Global
	GlobalSection(SolutionConfigurationPlatforms) = preSolution
		Debug|Any CPU = Debug|Any CPU
		Release|Any CPU = Release|Any CPU
	EndGlobalSection
	GlobalSection(ProjectConfigurationPlatforms) = postSolution
		{076D725C-AA49-4992-ADD5-FC5B469D8FAC}.Debug|Any CPU.ActiveCfg = Debug|Any CPU
		{076D725C-AA49-4992-ADD5-FC5B469D8FAC}.Debug|Any CPU.Build.0 = Debug|Any CPU
		{076D725C-AA49-4992-ADD5-FC5B469D8FAC}.Release|Any CPU.ActiveCfg = Release|Any CPU
		{076D725C-AA49-4992-ADD5-FC5B469D8FAC}.Release|Any CPU.Build.0 = Release|Any CPU
		{2C40A842-AA93-497C-9F7E-3EB3C1324339}.Debug|Any CPU.ActiveCfg = Debug|Any CPU
		{2C40A842-AA93-497C-9F7E-3EB3C1324339}.Debug|Any CPU.Build.0 = Debug|Any CPU
		{2C40A842-AA93-497C-9F7E-3EB3C1324339}.Release|Any CPU.ActiveCfg = Release|Any CPU
		{2C40A842-AA93-497C-9F7E-3EB3C1324339}.Release|Any CPU.Build.0 = Release|Any CPU
	EndGlobalSection
	GlobalSection(SolutionProperties) = preSolution
		HideSolutionNode = FALSE
	EndGlobalSection
	GlobalSection(ExtensibilityGlobals) = postSolution
		SolutionGuid = {A5FD2AC5-FDF0-417F-905F-784AFF2BCDEC}
	EndGlobalSection
EndGlobal
